
Microsoft Visual Studio Solution File, Format Version 12.00
# Visual Studio Version 17
VisualStudioVersion = 17.14.36717.8 d17.14
MinimumVisualStudioVersion = 10.0.40219.1
Project("{FAE04EC0-301F-11D3-BF4B-00C04F79EFBC}") = "ConsoleApp3", "ConsoleApp3\ConsoleApp3.csproj", "{33AE2A5C-5C71-4AA4-AFDB-E6B6CE24455A}"
EndProject
Global
	GlobalSection(SolutionConfigurationPlatforms) = preSolution
		Debug|Any CPU = Debug|Any CPU
		Release|Any CPU = Release|Any CPU
	EndGlobalSection
	GlobalSection(ProjectConfigurationPlatforms) = postSolution
		{33AE2A5C-5C71-4AA4-AFDB-E6B6CE24455A}.Debug|Any CPU.ActiveCfg = Debug|Any CPU
		{33AE2A5C-5C71-4AA4-AFDB-E6B6CE24455A}.Debug|Any CPU.Build.0 = Debug|Any CPU
		{33AE2A5C-5C71-4AA4-AFDB-E6B6CE24455A}.Release|Any CPU.ActiveCfg = Release|Any CPU
		{33AE2A5C-5C71-4AA4-AFDB-E6B6CE24455A}.Release|Any CPU.Build.0 = Release|Any CPU
	EndGlobalSection
	GlobalSection(SolutionProperties) = preSolution
		HideSolutionNode = FALSE
	EndGlobalSection
	GlobalSection(ExtensibilityGlobals) = postSolution
		SolutionGuid = {6A366B5B-14E4-496E-BD3D-D6D1A5D6E4D2}
	EndGlobalSection
EndGlobal
